// !$*UTF8*$!
{
	archiveVersion = 1;
	classes = {
	};
	objectVersion = 46;
	objects = {

/* Begin PBXBuildFile section */
		3381287D198C4CA100D246BA /* Foundation.framework in Frameworks */ = {isa = PBXBuildFile; fileRef = 3381287C198C4CA100D246BA /* Foundation.framework */; };
		3381287F198C4CA100D246BA /* CoreGraphics.framework in Frameworks */ = {isa = PBXBuildFile; fileRef = 3381287E198C4CA100D246BA /* CoreGraphics.framework */; };
		33812881198C4CA100D246BA /* UIKit.framework in Frameworks */ = {isa = PBXBuildFile; fileRef = 33812880198C4CA100D246BA /* UIKit.framework */; };
		33812887198C4CA100D246BA /* InfoPlist.strings in Resources */ = {isa = PBXBuildFile; fileRef = 33812885198C4CA100D246BA /* InfoPlist.strings */; };
		33812889198C4CA100D246BA /* main.m in Sources */ = {isa = PBXBuildFile; fileRef = 33812888198C4CA100D246BA /* main.m */; };
		3381288D198C4CA100D246BA /* relayAppDelegate.m in Sources */ = {isa = PBXBuildFile; fileRef = 3381288C198C4CA100D246BA /* relayAppDelegate.m */; };
		33812890198C4CA100D246BA /* Main.storyboard in Resources */ = {isa = PBXBuildFile; fileRef = 3381288E198C4CA100D246BA /* Main.storyboard */; };
		33812893198C4CA100D246BA /* homeScreen.m in Sources */ = {isa = PBXBuildFile; fileRef = 33812892198C4CA100D246BA /* homeScreen.m */; };
		33812896198C4CA100D246BA /* connectToTorview.m in Sources */ = {isa = PBXBuildFile; fileRef = 33812895198C4CA100D246BA /* connectToTorview.m */; };
		33812898198C4CA100D246BA /* Images.xcassets in Resources */ = {isa = PBXBuildFile; fileRef = 33812897198C4CA100D246BA /* Images.xcassets */; };
		3381289F198C4CA100D246BA /* XCTest.framework in Frameworks */ = {isa = PBXBuildFile; fileRef = 3381289E198C4CA100D246BA /* XCTest.framework */; };
		338128A0198C4CA100D246BA /* Foundation.framework in Frameworks */ = {isa = PBXBuildFile; fileRef = 3381287C198C4CA100D246BA /* Foundation.framework */; };
		338128A1198C4CA100D246BA /* UIKit.framework in Frameworks */ = {isa = PBXBuildFile; fileRef = 33812880198C4CA100D246BA /* UIKit.framework */; };
		338128A9198C4CA100D246BA /* InfoPlist.strings in Resources */ = {isa = PBXBuildFile; fileRef = 338128A7198C4CA100D246BA /* InfoPlist.strings */; };
		338128AB198C4CA100D246BA /* RFaceTests.m in Sources */ = {isa = PBXBuildFile; fileRef = 338128AA198C4CA100D246BA /* RFaceTests.m */; };
		339F051D198CBFB40007E6AA /* connectingStatusView.m in Sources */ = {isa = PBXBuildFile; fileRef = 339F051C198CBFB40007E6AA /* connectingStatusView.m */; };
		33FE36EC198C996D005C215D /* settingsView.m in Sources */ = {isa = PBXBuildFile; fileRef = 33FE36EA198C996D005C215D /* settingsView.m */; };
/* End PBXBuildFile section */

/* Begin PBXContainerItemProxy section */
		338128A2198C4CA100D246BA /* PBXContainerItemProxy */ = {
			isa = PBXContainerItemProxy;
			containerPortal = 33812871198C4CA100D246BA /* Project object */;
			proxyType = 1;
			remoteGlobalIDString = 33812878198C4CA100D246BA;
			remoteInfo = RFace;
		};
/* End PBXContainerItemProxy section */

/* Begin PBXFileReference section */
		33812879198C4CA100D246BA /* RFace.app */ = {isa = PBXFileReference; explicitFileType = wrapper.application; includeInIndex = 0; path = RFace.app; sourceTree = BUILT_PRODUCTS_DIR; };
		3381287C198C4CA100D246BA /* Foundation.framework */ = {isa = PBXFileReference; lastKnownFileType = wrapper.framework; name = Foundation.framework; path = System/Library/Frameworks/Foundation.framework; sourceTree = SDKROOT; };
		3381287E198C4CA100D246BA /* CoreGraphics.framework */ = {isa = PBXFileReference; lastKnownFileType = wrapper.framework; name = CoreGraphics.framework; path = System/Library/Frameworks/CoreGraphics.framework; sourceTree = SDKROOT; };
		33812880198C4CA100D246BA /* UIKit.framework */ = {isa = PBXFileReference; lastKnownFileType = wrapper.framework; name = UIKit.framework; path = System/Library/Frameworks/UIKit.framework; sourceTree = SDKROOT; };
		33812884198C4CA100D246BA /* RFace-Info.plist */ = {isa = PBXFileReference; lastKnownFileType = text.plist.xml; path = "RFace-Info.plist"; sourceTree = "<group>"; };
		33812886198C4CA100D246BA /* en */ = {isa = PBXFileReference; lastKnownFileType = text.plist.strings; name = en; path = en.lproj/InfoPlist.strings; sourceTree = "<group>"; };
		33812888198C4CA100D246BA /* main.m */ = {isa = PBXFileReference; lastKnownFileType = sourcecode.c.objc; path = main.m; sourceTree = "<group>"; };
		3381288A198C4CA100D246BA /* RFace-Prefix.pch */ = {isa = PBXFileReference; lastKnownFileType = sourcecode.c.h; path = "RFace-Prefix.pch"; sourceTree = "<group>"; };
		3381288B198C4CA100D246BA /* relayAppDelegate.h */ = {isa = PBXFileReference; lastKnownFileType = sourcecode.c.h; path = relayAppDelegate.h; sourceTree = "<group>"; };
		3381288C198C4CA100D246BA /* relayAppDelegate.m */ = {isa = PBXFileReference; lastKnownFileType = sourcecode.c.objc; path = relayAppDelegate.m; sourceTree = "<group>"; };
		3381288F198C4CA100D246BA /* Base */ = {isa = PBXFileReference; lastKnownFileType = file.storyboard; name = Base; path = Base.lproj/Main.storyboard; sourceTree = "<group>"; };
		33812891198C4CA100D246BA /* homeScreen.h */ = {isa = PBXFileReference; lastKnownFileType = sourcecode.c.h; path = homeScreen.h; sourceTree = "<group>"; };
		33812892198C4CA100D246BA /* homeScreen.m */ = {isa = PBXFileReference; lastKnownFileType = sourcecode.c.objc; path = homeScreen.m; sourceTree = "<group>"; };
		33812894198C4CA100D246BA /* connectToTorview.h */ = {isa = PBXFileReference; lastKnownFileType = sourcecode.c.h; path = connectToTorview.h; sourceTree = "<group>"; };
		33812895198C4CA100D246BA /* connectToTorview.m */ = {isa = PBXFileReference; lastKnownFileType = sourcecode.c.objc; path = connectToTorview.m; sourceTree = "<group>"; };
		33812897198C4CA100D246BA /* Images.xcassets */ = {isa = PBXFileReference; lastKnownFileType = folder.assetcatalog; path = Images.xcassets; sourceTree = "<group>"; };
		3381289D198C4CA100D246BA /* RFaceTests.xctest */ = {isa = PBXFileReference; explicitFileType = wrapper.cfbundle; includeInIndex = 0; path = RFaceTests.xctest; sourceTree = BUILT_PRODUCTS_DIR; };
		3381289E198C4CA100D246BA /* XCTest.framework */ = {isa = PBXFileReference; lastKnownFileType = wrapper.framework; name = XCTest.framework; path = Library/Frameworks/XCTest.framework; sourceTree = DEVELOPER_DIR; };
		338128A6198C4CA100D246BA /* RFaceTests-Info.plist */ = {isa = PBXFileReference; lastKnownFileType = text.plist.xml; path = "RFaceTests-Info.plist"; sourceTree = "<group>"; };
		338128A8198C4CA100D246BA /* en */ = {isa = PBXFileReference; lastKnownFileType = text.plist.strings; name = en; path = en.lproj/InfoPlist.strings; sourceTree = "<group>"; };
		338128AA198C4CA100D246BA /* RFaceTests.m */ = {isa = PBXFileReference; lastKnownFileType = sourcecode.c.objc; path = RFaceTests.m; sourceTree = "<group>"; };
		339F051B198CBFB40007E6AA /* connectingStatusView.h */ = {isa = PBXFileReference; fileEncoding = 4; lastKnownFileType = sourcecode.c.h; name = connectingStatusView.h; path = ../connectingStatusView.h; sourceTree = "<group>"; };
		339F051C198CBFB40007E6AA /* connectingStatusView.m */ = {isa = PBXFileReference; fileEncoding = 4; lastKnownFileType = sourcecode.c.objc; name = connectingStatusView.m; path = ../connectingStatusView.m; sourceTree = "<group>"; };
		33FE36E9198C996D005C215D /* settingsView.h */ = {isa = PBXFileReference; fileEncoding = 4; lastKnownFileType = sourcecode.c.h; path = settingsView.h; sourceTree = "<group>"; };
		33FE36EA198C996D005C215D /* settingsView.m */ = {isa = PBXFileReference; fileEncoding = 4; lastKnownFileType = sourcecode.c.objc; path = settingsView.m; sourceTree = "<group>"; };
/* End PBXFileReference section */

/* Begin PBXFrameworksBuildPhase section */
		33812876198C4CA100D246BA /* Frameworks */ = {
			isa = PBXFrameworksBuildPhase;
			buildActionMask = 2147483647;
			files = (
				3381287F198C4CA100D246BA /* CoreGraphics.framework in Frameworks */,
				33812881198C4CA100D246BA /* UIKit.framework in Frameworks */,
				3381287D198C4CA100D246BA /* Foundation.framework in Frameworks */,
			);
			runOnlyForDeploymentPostprocessing = 0;
		};
		3381289A198C4CA100D246BA /* Frameworks */ = {
			isa = PBXFrameworksBuildPhase;
			buildActionMask = 2147483647;
			files = (
				3381289F198C4CA100D246BA /* XCTest.framework in Frameworks */,
				338128A1198C4CA100D246BA /* UIKit.framework in Frameworks */,
				338128A0198C4CA100D246BA /* Foundation.framework in Frameworks */,
			);
			runOnlyForDeploymentPostprocessing = 0;
		};
/* End PBXFrameworksBuildPhase section */

/* Begin PBXGroup section */
		33812870198C4CA100D246BA = {
			isa = PBXGroup;
			children = (
				33812882198C4CA100D246BA /* RFace */,
				338128A4198C4CA100D246BA /* RFaceTests */,
				3381287B198C4CA100D246BA /* Frameworks */,
				3381287A198C4CA100D246BA /* Products */,
			);
			sourceTree = "<group>";
		};
		3381287A198C4CA100D246BA /* Products */ = {
			isa = PBXGroup;
			children = (
				33812879198C4CA100D246BA /* RFace.app */,
				3381289D198C4CA100D246BA /* RFaceTests.xctest */,
			);
			name = Products;
			sourceTree = "<group>";
		};
		3381287B198C4CA100D246BA /* Frameworks */ = {
			isa = PBXGroup;
			children = (
				3381287C198C4CA100D246BA /* Foundation.framework */,
				3381287E198C4CA100D246BA /* CoreGraphics.framework */,
				33812880198C4CA100D246BA /* UIKit.framework */,
				3381289E198C4CA100D246BA /* XCTest.framework */,
			);
			name = Frameworks;
			sourceTree = "<group>";
		};
		33812882198C4CA100D246BA /* RFace */ = {
			isa = PBXGroup;
			children = (
				3381288E198C4CA100D246BA /* Main.storyboard */,
				33812891198C4CA100D246BA /* homeScreen.h */,
				33812892198C4CA100D246BA /* homeScreen.m */,
				33812894198C4CA100D246BA /* connectToTorview.h */,
				33812895198C4CA100D246BA /* connectToTorview.m */,
				339F051B198CBFB40007E6AA /* connectingStatusView.h */,
				339F051C198CBFB40007E6AA /* connectingStatusView.m */,
				33FE36E9198C996D005C215D /* settingsView.h */,
				33FE36EA198C996D005C215D /* settingsView.m */,
				339F051E198CC4C30007E6AA /* model */,
				33812883198C4CA100D246BA /* Supporting Files */,
			);
			path = RFace;
			sourceTree = "<group>";
		};
		33812883198C4CA100D246BA /* Supporting Files */ = {
			isa = PBXGroup;
			children = (
				33812884198C4CA100D246BA /* RFace-Info.plist */,
				33812885198C4CA100D246BA /* InfoPlist.strings */,
				33812888198C4CA100D246BA /* main.m */,
				3381288A198C4CA100D246BA /* RFace-Prefix.pch */,
				33812897198C4CA100D246BA /* Images.xcassets */,
			);
			name = "Supporting Files";
			sourceTree = "<group>";
		};
		338128A4198C4CA100D246BA /* RFaceTests */ = {
			isa = PBXGroup;
			children = (
				338128AA198C4CA100D246BA /* RFaceTests.m */,
				338128A5198C4CA100D246BA /* Supporting Files */,
			);
			path = RFaceTests;
			sourceTree = "<group>";
		};
		338128A5198C4CA100D246BA /* Supporting Files */ = {
			isa = PBXGroup;
			children = (
				338128A6198C4CA100D246BA /* RFaceTests-Info.plist */,
				338128A7198C4CA100D246BA /* InfoPlist.strings */,
			);
			name = "Supporting Files";
			sourceTree = "<group>";
		};
		339F051E198CC4C30007E6AA /* model */ = {
			isa = PBXGroup;
			children = (
				3381288B198C4CA100D246BA /* relayAppDelegate.h */,
				3381288C198C4CA100D246BA /* relayAppDelegate.m */,
			);
			name = model;
			sourceTree = "<group>";
		};
/* End PBXGroup section */

/* Begin PBXNativeTarget section */
		33812878198C4CA100D246BA /* RFace */ = {
			isa = PBXNativeTarget;
			buildConfigurationList = 338128AE198C4CA200D246BA /* Build configuration list for PBXNativeTarget "RFace" */;
			buildPhases = (
				33812875198C4CA100D246BA /* Sources */,
				33812876198C4CA100D246BA /* Frameworks */,
				33812877198C4CA100D246BA /* Resources */,
			);
			buildRules = (
			);
			dependencies = (
			);
			name = RFace;
			productName = RFace;
			productReference = 33812879198C4CA100D246BA /* RFace.app */;
			productType = "com.apple.product-type.application";
		};
		3381289C198C4CA100D246BA /* RFaceTests */ = {
			isa = PBXNativeTarget;
			buildConfigurationList = 338128B1198C4CA200D246BA /* Build configuration list for PBXNativeTarget "RFaceTests" */;
			buildPhases = (
				33812899198C4CA100D246BA /* Sources */,
				3381289A198C4CA100D246BA /* Frameworks */,
				3381289B198C4CA100D246BA /* Resources */,
			);
			buildRules = (
			);
			dependencies = (
				338128A3198C4CA100D246BA /* PBXTargetDependency */,
			);
			name = RFaceTests;
			productName = RFaceTests;
			productReference = 3381289D198C4CA100D246BA /* RFaceTests.xctest */;
			productType = "com.apple.product-type.bundle.unit-test";
		};
/* End PBXNativeTarget section */

/* Begin PBXProject section */
		33812871198C4CA100D246BA /* Project object */ = {
			isa = PBXProject;
			attributes = {
				CLASSPREFIX = relay;
				LastUpgradeCheck = 0510;
				ORGANIZATIONNAME = Thingsltd;
				TargetAttributes = {
					3381289C198C4CA100D246BA = {
						TestTargetID = 33812878198C4CA100D246BA;
					};
				};
			};
			buildConfigurationList = 33812874198C4CA100D246BA /* Build configuration list for PBXProject "RFace" */;
			compatibilityVersion = "Xcode 3.2";
			developmentRegion = English;
			hasScannedForEncodings = 0;
			knownRegions = (
				en,
				Base,
			);
			mainGroup = 33812870198C4CA100D246BA;
			productRefGroup = 3381287A198C4CA100D246BA /* Products */;
			projectDirPath = "";
			projectRoot = "";
			targets = (
				33812878198C4CA100D246BA /* RFace */,
				3381289C198C4CA100D246BA /* RFaceTests */,
			);
		};
/* End PBXProject section */

/* Begin PBXResourcesBuildPhase section */
		33812877198C4CA100D246BA /* Resources */ = {
			isa = PBXResourcesBuildPhase;
			buildActionMask = 2147483647;
			files = (
				33812898198C4CA100D246BA /* Images.xcassets in Resources */,
				33812887198C4CA100D246BA /* InfoPlist.strings in Resources */,
				33812890198C4CA100D246BA /* Main.storyboard in Resources */,
			);
			runOnlyForDeploymentPostprocessing = 0;
		};
		3381289B198C4CA100D246BA /* Resources */ = {
			isa = PBXResourcesBuildPhase;
			buildActionMask = 2147483647;
			files = (
				338128A9198C4CA100D246BA /* InfoPlist.strings in Resources */,
			);
			runOnlyForDeploymentPostprocessing = 0;
		};
/* End PBXResourcesBuildPhase section */

/* Begin PBXSourcesBuildPhase section */
		33812875198C4CA100D246BA /* Sources */ = {
			isa = PBXSourcesBuildPhase;
			buildActionMask = 2147483647;
			files = (
				339F051D198CBFB40007E6AA /* connectingStatusView.m in Sources */,
				33FE36EC198C996D005C215D /* settingsView.m in Sources */,
				3381288D198C4CA100D246BA /* relayAppDelegate.m in Sources */,
				33812893198C4CA100D246BA /* homeScreen.m in Sources */,
				33812896198C4CA100D246BA /* connectToTorview.m in Sources */,
				33812889198C4CA100D246BA /* main.m in Sources */,
			);
			runOnlyForDeploymentPostprocessing = 0;
		};
		33812899198C4CA100D246BA /* Sources */ = {
			isa = PBXSourcesBuildPhase;
			buildActionMask = 2147483647;
			files = (
				338128AB198C4CA100D246BA /* RFaceTests.m in Sources */,
			);
			runOnlyForDeploymentPostprocessing = 0;
		};
/* End PBXSourcesBuildPhase section */

/* Begin PBXTargetDependency section */
		338128A3198C4CA100D246BA /* PBXTargetDependency */ = {
			isa = PBXTargetDependency;
			target = 33812878198C4CA100D246BA /* RFace */;
			targetProxy = 338128A2198C4CA100D246BA /* PBXContainerItemProxy */;
		};
/* End PBXTargetDependency section */

/* Begin PBXVariantGroup section */
		33812885198C4CA100D246BA /* InfoPlist.strings */ = {
			isa = PBXVariantGroup;
			children = (
				33812886198C4CA100D246BA /* en */,
			);
			name = InfoPlist.strings;
			sourceTree = "<group>";
		};
		3381288E198C4CA100D246BA /* Main.storyboard */ = {
			isa = PBXVariantGroup;
			children = (
				3381288F198C4CA100D246BA /* Base */,
			);
			name = Main.storyboard;
			sourceTree = "<group>";
		};
		338128A7198C4CA100D246BA /* InfoPlist.strings */ = {
			isa = PBXVariantGroup;
			children = (
				338128A8198C4CA100D246BA /* en */,
			);
			name = InfoPlist.strings;
			sourceTree = "<group>";
		};
/* End PBXVariantGroup section */

/* Begin XCBuildConfiguration section */
		338128AC198C4CA200D246BA /* Debug */ = {
			isa = XCBuildConfiguration;
			buildSettings = {
				ALWAYS_SEARCH_USER_PATHS = NO;
				CLANG_CXX_LANGUAGE_STANDARD = "gnu++0x";
				CLANG_CXX_LIBRARY = "libc++";
				CLANG_ENABLE_MODULES = YES;
				CLANG_ENABLE_OBJC_ARC = YES;
				CLANG_WARN_BOOL_CONVERSION = YES;
				CLANG_WARN_CONSTANT_CONVERSION = YES;
				CLANG_WARN_DIRECT_OBJC_ISA_USAGE = YES_ERROR;
				CLANG_WARN_EMPTY_BODY = YES;
				CLANG_WARN_ENUM_CONVERSION = YES;
				CLANG_WARN_INT_CONVERSION = YES;
				CLANG_WARN_OBJC_ROOT_CLASS = YES_ERROR;
				CLANG_WARN__DUPLICATE_METHOD_MATCH = YES;
				"CODE_SIGN_IDENTITY[sdk=iphoneos*]" = "iPhone Developer";
				COPY_PHASE_STRIP = NO;
				GCC_C_LANGUAGE_STANDARD = gnu99;
				GCC_DYNAMIC_NO_PIC = NO;
				GCC_OPTIMIZATION_LEVEL = 0;
				GCC_PREPROCESSOR_DEFINITIONS = (
					"DEBUG=1",
					"$(inherited)",
				);
				GCC_SYMBOLS_PRIVATE_EXTERN = NO;
				GCC_WARN_64_TO_32_BIT_CONVERSION = YES;
				GCC_WARN_ABOUT_RETURN_TYPE = YES_ERROR;
				GCC_WARN_UNDECLARED_SELECTOR = YES;
				GCC_WARN_UNINITIALIZED_AUTOS = YES_AGGRESSIVE;
				GCC_WARN_UNUSED_FUNCTION = YES;
				GCC_WARN_UNUSED_VARIABLE = YES;
				IPHONEOS_DEPLOYMENT_TARGET = 7.1;
				ONLY_ACTIVE_ARCH = YES;
				SDKROOT = iphoneos;
			};
			name = Debug;
		};
		338128AD198C4CA200D246BA /* Release */ = {
			isa = XCBuildConfiguration;
			buildSettings = {
				ALWAYS_SEARCH_USER_PATHS = NO;
				CLANG_CXX_LANGUAGE_STANDARD = "gnu++0x";
				CLANG_CXX_LIBRARY = "libc++";
				CLANG_ENABLE_MODULES = YES;
				CLANG_ENABLE_OBJC_ARC = YES;
				CLANG_WARN_BOOL_CONVERSION = YES;
				CLANG_WARN_CONSTANT_CONVERSION = YES;
				CLANG_WARN_DIRECT_OBJC_ISA_USAGE = YES_ERROR;
				CLANG_WARN_EMPTY_BODY = YES;
				CLANG_WARN_ENUM_CONVERSION = YES;
				CLANG_WARN_INT_CONVERSION = YES;
				CLANG_WARN_OBJC_ROOT_CLASS = YES_ERROR;
				CLANG_WARN__DUPLICATE_METHOD_MATCH = YES;
				"CODE_SIGN_IDENTITY[sdk=iphoneos*]" = "iPhone Developer";
				COPY_PHASE_STRIP = YES;
				ENABLE_NS_ASSERTIONS = NO;
				GCC_C_LANGUAGE_STANDARD = gnu99;
				GCC_WARN_64_TO_32_BIT_CONVERSION = YES;
				GCC_WARN_ABOUT_RETURN_TYPE = YES_ERROR;
				GCC_WARN_UNDECLARED_SELECTOR = YES;
				GCC_WARN_UNINITIALIZED_AUTOS = YES_AGGRESSIVE;
				GCC_WARN_UNUSED_FUNCTION = YES;
				GCC_WARN_UNUSED_VARIABLE = YES;
				IPHONEOS_DEPLOYMENT_TARGET = 7.1;
				SDKROOT = iphoneos;
				VALIDATE_PRODUCT = YES;
			};
			name = Release;
		};
		338128AF198C4CA200D246BA /* Debug */ = {
			isa = XCBuildConfiguration;
			buildSettings = {
				ASSETCATALOG_COMPILER_APPICON_NAME = AppIcon;
				ASSETCATALOG_COMPILER_LAUNCHIMAGE_NAME = LaunchImage;
				GCC_PRECOMPILE_PREFIX_HEADER = YES;
				GCC_PREFIX_HEADER = "RFace/RFace-Prefix.pch";
				HEADER_SEARCH_PATHS = (
					"$(inherited)",
					/Applications/Xcode.app/Contents/Developer/Toolchains/XcodeDefault.xctoolchain/usr/include,
					"$(SRCROOT)/Submodules/OnionKit/dependencies/include",
				);
				INFOPLIST_FILE = "RFace/RFace-Info.plist";
				LIBRARY_SEARCH_PATHS = (
					"$(inherited)",
					/Users/Development/Documents/OnionKitLibrary,
					"$(PROJECT_DIR)/RFace",
					Onion,
					Kit/dependencies/lib,
					"$(PROJECT_DIR)/RFaceOnionKit/dependencies/lib",
					"$(PROJECT_DIR)/OnionKit/dependencies/lib",
				);
				PRODUCT_NAME = "$(TARGET_NAME)";
				WRAPPER_EXTENSION = app;
			};
			name = Debug;
		};
		338128B0198C4CA200D246BA /* Release */ = {
			isa = XCBuildConfiguration;
			buildSettings = {
				ASSETCATALOG_COMPILER_APPICON_NAME = AppIcon;
				ASSETCATALOG_COMPILER_LAUNCHIMAGE_NAME = LaunchImage;
				GCC_PRECOMPILE_PREFIX_HEADER = YES;
				GCC_PREFIX_HEADER = "RFace/RFace-Prefix.pch";
				HEADER_SEARCH_PATHS = (
					"$(inherited)",
					/Applications/Xcode.app/Contents/Developer/Toolchains/XcodeDefault.xctoolchain/usr/include,
					"$(SRCROOT)/Submodules/OnionKit/dependencies/include",
				);
				INFOPLIST_FILE = "RFace/RFace-Info.plist";
				LIBRARY_SEARCH_PATHS = (
					"$(inherited)",
					/Users/Development/Documents/OnionKitLibrary,
					"$(PROJECT_DIR)/RFace",
					Onion,
					Kit/dependencies/lib,
					"$(PROJECT_DIR)/RFaceOnionKit/dependencies/lib",
					"$(PROJECT_DIR)/OnionKit/dependencies/lib",
				);
				PRODUCT_NAME = "$(TARGET_NAME)";
				WRAPPER_EXTENSION = app;
			};
			name = Release;
		};
		338128B2198C4CA200D246BA /* Debug */ = {
			isa = XCBuildConfiguration;
			buildSettings = {
				BUNDLE_LOADER = "$(BUILT_PRODUCTS_DIR)/RFace.app/RFace";
				FRAMEWORK_SEARCH_PATHS = (
					"$(SDKROOT)/Developer/Library/Frameworks",
					"$(inherited)",
					"$(DEVELOPER_FRAMEWORKS_DIR)",
				);
				GCC_PRECOMPILE_PREFIX_HEADER = YES;
				GCC_PREFIX_HEADER = "RFace/RFace-Prefix.pch";
				GCC_PREPROCESSOR_DEFINITIONS = (
					"DEBUG=1",
					"$(inherited)",
				);
				INFOPLIST_FILE = "RFaceTests/RFaceTests-Info.plist";
				PRODUCT_NAME = "$(TARGET_NAME)";
				TEST_HOST = "$(BUNDLE_LOADER)";
				WRAPPER_EXTENSION = xctest;
			};
			name = Debug;
		};
		338128B3198C4CA200D246BA /* Release */ = {
			isa = XCBuildConfiguration;
			buildSettings = {
				BUNDLE_LOADER = "$(BUILT_PRODUCTS_DIR)/RFace.app/RFace";
				FRAMEWORK_SEARCH_PATHS = (
					"$(SDKROOT)/Developer/Library/Frameworks",
					"$(inherited)",
					"$(DEVELOPER_FRAMEWORKS_DIR)",
				);
				GCC_PRECOMPILE_PREFIX_HEADER = YES;
				GCC_PREFIX_HEADER = "RFace/RFace-Prefix.pch";
				INFOPLIST_FILE = "RFaceTests/RFaceTests-Info.plist";
				PRODUCT_NAME = "$(TARGET_NAME)";
				TEST_HOST = "$(BUNDLE_LOADER)";
				WRAPPER_EXTENSION = xctest;
			};
			name = Release;
		};
/* End XCBuildConfiguration section */

/* Begin XCConfigurationList section */
		33812874198C4CA100D246BA /* Build configuration list for PBXProject "RFace" */ = {
			isa = XCConfigurationList;
			buildConfigurations = (
				338128AC198C4CA200D246BA /* Debug */,
				338128AD198C4CA200D246BA /* Release */,
			);
			defaultConfigurationIsVisible = 0;
			defaultConfigurationName = Release;
		};
		338128AE198C4CA200D246BA /* Build configuration list for PBXNativeTarget "RFace" */ = {
			isa = XCConfigurationList;
			buildConfigurations = (
				338128AF198C4CA200D246BA /* Debug */,
				338128B0198C4CA200D246BA /* Release */,
			);
			defaultConfigurationIsVisible = 0;
			defaultConfigurationName = Release;
		};
		338128B1198C4CA200D246BA /* Build configuration list for PBXNativeTarget "RFaceTests" */ = {
			isa = XCConfigurationList;
			buildConfigurations = (
				338128B2198C4CA200D246BA /* Debug */,
				338128B3198C4CA200D246BA /* Release */,
			);
			defaultConfigurationIsVisible = 0;
			defaultConfigurationName = Release;
		};
/* End XCConfigurationList section */
	};
	rootObject = 33812871198C4CA100D246BA /* Project object */;
}
